{
  "nodes": {
    "fdbPkg": {
      "inputs": {
        "flakeUtils": "flakeUtils",
        "nixpkgs": "nixpkgs"
      },
      "locked": {
        "lastModified": 1662982598,
        "narHash": "sha256-DDlxSJhHzBL3tvp+Wxa8rOTTpTtH8YjqSI6BS6pC3XY=",
        "owner": "shopstic",
        "repo": "nix-fdb",
        "rev": "21ac866940d56f3016c0978f6ddc61f45d0088d6",
        "type": "github"
      },
      "original": {
        "owner": "shopstic",
        "repo": "nix-fdb",
        "rev": "21ac866940d56f3016c0978f6ddc61f45d0088d6",
        "type": "github"
      }
    },
    "fdbPkg_2": {
      "inputs": {
        "flakeUtils": "flakeUtils_3",
        "nixpkgs": "nixpkgs_3"
      },
      "locked": {
        "lastModified": 1697103788,
        "narHash": "sha256-4v4a4e79ci7JXwTIbyzSYITyXX3yUUYHWvGoDy9QU2s=",
        "owner": "shopstic",
        "repo": "nix-fdb",
        "rev": "9a34e86761b9d2caca75e2ec5ff7e1167d3b6fc2",
        "type": "github"
      },
      "original": {
        "owner": "shopstic",
        "ref": "7.1.37-slim",
        "repo": "nix-fdb",
        "type": "github"
      }
    },
    "fdbPkg_3": {
      "inputs": {
        "flakeUtils": "flakeUtils_5",
        "nixpkgs": "nixpkgs_5"
      },
      "locked": {
        "lastModified": 1662982598,
        "narHash": "sha256-DDlxSJhHzBL3tvp+Wxa8rOTTpTtH8YjqSI6BS6pC3XY=",
        "owner": "shopstic",
        "repo": "nix-fdb",
        "rev": "21ac866940d56f3016c0978f6ddc61f45d0088d6",
        "type": "github"
      },
      "original": {
        "owner": "shopstic",
        "repo": "nix-fdb",
        "rev": "21ac866940d56f3016c0978f6ddc61f45d0088d6",
        "type": "github"
      }
    },
    "flake-utils": {
      "locked": {
        "lastModified": 1653893745,
        "narHash": "sha256-0jntwV3Z8//YwuOjzhV2sgJJPt+HY6KhU7VZUL0fKZQ=",
        "owner": "numtide",
        "repo": "flake-utils",
        "rev": "1ed9fb1935d260de5fe1c2f7ee0ebaae17ed2fa1",
        "type": "github"
      },
      "original": {
        "owner": "numtide",
        "repo": "flake-utils",
        "type": "github"
      }
    },
    "flake-utils_2": {
      "locked": {
        "lastModified": 1653893745,
        "narHash": "sha256-0jntwV3Z8//YwuOjzhV2sgJJPt+HY6KhU7VZUL0fKZQ=",
        "owner": "numtide",
        "repo": "flake-utils",
        "rev": "1ed9fb1935d260de5fe1c2f7ee0ebaae17ed2fa1",
        "type": "github"
      },
      "original": {
        "owner": "numtide",
        "repo": "flake-utils",
        "type": "github"
      }
    },
    "flake-utils_3": {
      "locked": {
        "lastModified": 1653893745,
        "narHash": "sha256-0jntwV3Z8//YwuOjzhV2sgJJPt+HY6KhU7VZUL0fKZQ=",
        "owner": "numtide",
        "repo": "flake-utils",
        "rev": "1ed9fb1935d260de5fe1c2f7ee0ebaae17ed2fa1",
        "type": "github"
      },
      "original": {
        "owner": "numtide",
        "repo": "flake-utils",
        "type": "github"
      }
    },
    "flakeUtils": {
      "locked": {
        "lastModified": 1659877975,
        "narHash": "sha256-zllb8aq3YO3h8B/U0/J1WBgAL8EX5yWf5pMj3G0NAmc=",
        "owner": "numtide",
        "repo": "flake-utils",
        "rev": "c0e246b9b83f637f4681389ecabcb2681b4f3af0",
        "type": "github"
      },
      "original": {
        "owner": "numtide",
        "repo": "flake-utils",
        "type": "github"
      }
    },
    "flakeUtils_2": {
      "locked": {
        "lastModified": 1667395993,
        "narHash": "sha256-nuEHfE/LcWyuSWnS8t12N1wc105Qtau+/OdUAjtQ0rA=",
        "owner": "numtide",
        "repo": "flake-utils",
        "rev": "5aed5285a952e0b949eb3ba02c12fa4fcfef535f",
        "type": "github"
      },
      "original": {
        "owner": "numtide",
        "repo": "flake-utils",
        "type": "github"
      }
    },
    "flakeUtils_3": {
      "inputs": {
        "systems": "systems"
      },
      "locked": {
        "lastModified": 1694529238,
        "narHash": "sha256-zsNZZGTGnMOf9YpHKJqMSsa0dXbfmxeoJ7xHlrt+xmY=",
        "owner": "numtide",
        "repo": "flake-utils",
        "rev": "ff7b65b44d01cf9ba6a71320833626af21126384",
        "type": "github"
      },
      "original": {
        "owner": "numtide",
        "repo": "flake-utils",
        "type": "github"
      }
    },
    "flakeUtils_4": {
      "inputs": {
        "systems": "systems_2"
      },
      "locked": {
        "lastModified": 1694529238,
        "narHash": "sha256-zsNZZGTGnMOf9YpHKJqMSsa0dXbfmxeoJ7xHlrt+xmY=",
        "owner": "numtide",
        "repo": "flake-utils",
        "rev": "ff7b65b44d01cf9ba6a71320833626af21126384",
        "type": "github"
      },
      "original": {
        "owner": "numtide",
        "repo": "flake-utils",
        "type": "github"
      }
    },
    "flakeUtils_5": {
      "locked": {
        "lastModified": 1659877975,
        "narHash": "sha256-zllb8aq3YO3h8B/U0/J1WBgAL8EX5yWf5pMj3G0NAmc=",
        "owner": "numtide",
        "repo": "flake-utils",
        "rev": "c0e246b9b83f637f4681389ecabcb2681b4f3af0",
        "type": "github"
      },
      "original": {
        "owner": "numtide",
        "repo": "flake-utils",
        "type": "github"
      }
    },
    "flakeUtils_6": {
      "locked": {
        "lastModified": 1667395993,
        "narHash": "sha256-nuEHfE/LcWyuSWnS8t12N1wc105Qtau+/OdUAjtQ0rA=",
        "owner": "numtide",
        "repo": "flake-utils",
        "rev": "5aed5285a952e0b949eb3ba02c12fa4fcfef535f",
        "type": "github"
      },
      "original": {
        "owner": "numtide",
        "repo": "flake-utils",
        "type": "github"
      }
    },
    "helmet": {
      "inputs": {
        "flakeUtils": [
          "helmet",
          "hotPot",
          "flakeUtils"
        ],
        "hotPot": "hotPot",
        "nixpkgs": [
          "helmet",
          "hotPot",
          "nixpkgs"
        ],
        "npmlock2nix": "npmlock2nix"
      },
      "locked": {
        "lastModified": 1669951476,
        "narHash": "sha256-B2/7AOf26IjlUxrq7+CJmFUnMS3yUOGrCAlSpZQgg8Y=",
        "owner": "shopstic",
        "repo": "helmet",
        "rev": "a2d8d3e51a4ad29c49caa30b48a60982f53ef1c2",
        "type": "github"
      },
      "original": {
        "owner": "shopstic",
        "ref": "1.19.3",
        "repo": "helmet",
        "type": "github"
      }
    },
    "hotPot": {
      "inputs": {
        "fdbPkg": "fdbPkg",
        "flakeUtils": "flakeUtils_2",
        "nix2containerPkg": "nix2containerPkg",
        "nixpkgs": "nixpkgs_2",
        "npmlock2nixPkg": "npmlock2nixPkg"
      },
      "locked": {
        "lastModified": 1669950500,
        "narHash": "sha256-9xFrRKabTmngljQR9m1dg8H5DA22IdNCIMUPTm24DZA=",
        "owner": "shopstic",
        "repo": "nix-hot-pot",
        "rev": "8a0f4ba45fcde42062c29b0eea647763e9b71443",
        "type": "github"
      },
      "original": {
        "owner": "shopstic",
        "repo": "nix-hot-pot",
        "type": "github"
      }
    },
    "hotPot_2": {
      "inputs": {
        "fdbPkg": "fdbPkg_2",
        "flakeUtils": "flakeUtils_4",
        "nix2containerPkg": "nix2containerPkg_2",
        "nixpkgs": "nixpkgs_4",
        "npmlock2nixPkg": "npmlock2nixPkg_2"
      },
      "locked": {
        "lastModified": 1697105103,
        "narHash": "sha256-nprQdV2NNnaHpNr/GiU3bwQJw5YOSJjBcumSL4vMi/Q=",
        "owner": "shopstic",
        "repo": "nix-hot-pot",
        "rev": "0c948f3ea79b7f52e33a193b0aaa020cefe03d52",
        "type": "github"
      },
      "original": {
        "owner": "shopstic",
        "repo": "nix-hot-pot",
        "type": "github"
      }
    },
    "hotPot_3": {
      "inputs": {
        "fdbPkg": "fdbPkg_3",
        "flakeUtils": "flakeUtils_6",
        "nix2containerPkg": "nix2containerPkg_3",
        "nixpkgs": "nixpkgs_6",
        "npmlock2nixPkg": "npmlock2nixPkg_3"
      },
      "locked": {
        "lastModified": 1669950500,
        "narHash": "sha256-9xFrRKabTmngljQR9m1dg8H5DA22IdNCIMUPTm24DZA=",
        "owner": "shopstic",
        "repo": "nix-hot-pot",
        "rev": "8a0f4ba45fcde42062c29b0eea647763e9b71443",
        "type": "github"
      },
      "original": {
        "owner": "shopstic",
        "repo": "nix-hot-pot",
        "type": "github"
      }
    },
    "jetski": {
      "inputs": {
        "flakeUtils": [
          "jetski",
          "hotPot",
          "flakeUtils"
        ],
        "hotPot": "hotPot_3",
        "nixpkgs": [
          "jetski",
          "hotPot",
          "nixpkgs"
        ]
      },
      "locked": {
        "lastModified": 1669950966,
        "narHash": "sha256-UM6VmWDxEzwPGyEVs6forDb7osuLVYBL66pjAE92cVM=",
        "owner": "shopstic",
        "repo": "jetski",
        "rev": "861a0ae44cac3a43088b3665382e0e3780724215",
        "type": "github"
      },
      "original": {
        "owner": "shopstic",
        "ref": "1.1.10",
        "repo": "jetski",
        "type": "github"
      }
    },
    "nix2containerPkg": {
      "inputs": {
        "flake-utils": "flake-utils",
        "nixpkgs": [
          "helmet",
          "hotPot",
          "nixpkgs"
        ]
      },
      "locked": {
        "lastModified": 1668413124,
        "narHash": "sha256-k0hGnuVjn6pFXmy4yYxpNuRXh/zR1KXB4l1EcAlQMzI=",
        "owner": "nlewo",
        "repo": "nix2container",
        "rev": "f128a164fed3aa97ae8cf15cd7cb15709178dda4",
        "type": "github"
      },
      "original": {
        "owner": "nlewo",
        "repo": "nix2container",
        "type": "github"
      }
    },
    "nix2containerPkg_2": {
      "inputs": {
        "flake-utils": "flake-utils_2",
        "nixpkgs": [
          "hotPot",
          "nixpkgs"
        ]
      },
      "locked": {
        "lastModified": 1687467666,
        "narHash": "sha256-z9n7ATBXeDqz5a8+4HJ9fhU6KMyg7zZX0wrhLdVG7bQ=",
        "owner": "nlewo",
        "repo": "nix2container",
        "rev": "56e249151911e3d3928b578f5b6c01b16f55c308",
        "type": "github"
      },
      "original": {
        "owner": "nlewo",
        "repo": "nix2container",
        "rev": "56e249151911e3d3928b578f5b6c01b16f55c308",
        "type": "github"
      }
    },
    "nix2containerPkg_3": {
      "inputs": {
        "flake-utils": "flake-utils_3",
        "nixpkgs": [
          "jetski",
          "hotPot",
          "nixpkgs"
        ]
      },
      "locked": {
        "lastModified": 1668413124,
        "narHash": "sha256-k0hGnuVjn6pFXmy4yYxpNuRXh/zR1KXB4l1EcAlQMzI=",
        "owner": "nlewo",
        "repo": "nix2container",
        "rev": "f128a164fed3aa97ae8cf15cd7cb15709178dda4",
        "type": "github"
      },
      "original": {
        "owner": "nlewo",
        "repo": "nix2container",
        "type": "github"
      }
    },
    "nixpkgs": {
      "locked": {
        "lastModified": 1662874738,
        "narHash": "sha256-kG29aU9f5UTWhPf/QEh5LanDmqqbbcErWYAcPptC/Cg=",
        "owner": "nixos",
        "repo": "nixpkgs",
        "rev": "dd1f4d982445a7d1b1869baa42f8f0f9bc606714",
        "type": "github"
      },
      "original": {
        "owner": "nixos",
        "ref": "nixos-22.05",
        "repo": "nixpkgs",
        "type": "github"
      }
    },
    "nixpkgs_2": {
      "locked": {
        "lastModified": 1669833724,
        "narHash": "sha256-/HEZNyGbnQecrgJnfE8d0WC5c1xuPSD2LUpB6YXlg4c=",
        "owner": "nixos",
        "repo": "nixpkgs",
        "rev": "4d2b37a84fad1091b9de401eb450aae66f1a741e",
        "type": "github"
      },
      "original": {
        "owner": "nixos",
        "ref": "22.11",
        "repo": "nixpkgs",
        "type": "github"
      }
    },
    "nixpkgs_3": {
      "locked": {
        "lastModified": 1696697597,
        "narHash": "sha256-q26Qv4DQ+h6IeozF2o1secyQG0jt2VUT3V0K58jr3pg=",
        "owner": "nixos",
        "repo": "nixpkgs",
        "rev": "5a237aecb57296f67276ac9ab296a41c23981f56",
        "type": "github"
      },
      "original": {
        "owner": "nixos",
        "ref": "nixos-23.05",
        "repo": "nixpkgs",
        "type": "github"
      }
    },
    "nixpkgs_4": {
      "locked": {
        "lastModified": 1696983906,
        "narHash": "sha256-L7GyeErguS7Pg4h8nK0wGlcUTbfUMDu+HMf1UcyP72k=",
        "owner": "nixos",
        "repo": "nixpkgs",
        "rev": "bd1cde45c77891214131cbbea5b1203e485a9d51",
        "type": "github"
      },
      "original": {
        "owner": "nixos",
        "ref": "nixos-23.05",
        "repo": "nixpkgs",
        "type": "github"
      }
    },
    "nixpkgs_5": {
      "locked": {
        "lastModified": 1662874738,
        "narHash": "sha256-kG29aU9f5UTWhPf/QEh5LanDmqqbbcErWYAcPptC/Cg=",
        "owner": "nixos",
        "repo": "nixpkgs",
        "rev": "dd1f4d982445a7d1b1869baa42f8f0f9bc606714",
        "type": "github"
      },
      "original": {
        "owner": "nixos",
        "ref": "nixos-22.05",
        "repo": "nixpkgs",
        "type": "github"
      }
    },
    "nixpkgs_6": {
      "locked": {
        "lastModified": 1669833724,
        "narHash": "sha256-/HEZNyGbnQecrgJnfE8d0WC5c1xuPSD2LUpB6YXlg4c=",
        "owner": "nixos",
        "repo": "nixpkgs",
        "rev": "4d2b37a84fad1091b9de401eb450aae66f1a741e",
        "type": "github"
      },
      "original": {
        "owner": "nixos",
        "ref": "22.11",
        "repo": "nixpkgs",
        "type": "github"
      }
    },
    "npmlock2nix": {
      "flake": false,
      "locked": {
        "lastModified": 1668989938,
        "narHash": "sha256-/IxdS0AiqSN0/VEOLnnfHyi4nP17yPrkhGf6KlXVwrc=",
        "owner": "nix-community",
        "repo": "npmlock2nix",
        "rev": "0ba0746d62974403daf717cded3f24c617622bc7",
        "type": "github"
      },
      "original": {
        "owner": "nix-community",
        "ref": "master",
        "repo": "npmlock2nix",
        "type": "github"
      }
    },
    "npmlock2nixPkg": {
      "flake": false,
      "locked": {
        "lastModified": 1654775747,
        "narHash": "sha256-9pXHDpIjmsK5390wmpGHu9aA4QOPpegPBvThHeBlef4=",
        "owner": "nix-community",
        "repo": "npmlock2nix",
        "rev": "5c4f247688fc91d665df65f71c81e0726621aaa8",
        "type": "github"
      },
      "original": {
        "owner": "nix-community",
        "repo": "npmlock2nix",
        "rev": "5c4f247688fc91d665df65f71c81e0726621aaa8",
        "type": "github"
      }
    },
    "npmlock2nixPkg_2": {
      "flake": false,
      "locked": {
        "lastModified": 1673447413,
        "narHash": "sha256-sJM82Sj8yfQYs9axEmGZ9Evzdv/kDcI9sddqJ45frrU=",
        "owner": "nix-community",
        "repo": "npmlock2nix",
        "rev": "9197bbf397d76059a76310523d45df10d2e4ca81",
        "type": "github"
      },
      "original": {
        "owner": "nix-community",
        "repo": "npmlock2nix",
        "rev": "9197bbf397d76059a76310523d45df10d2e4ca81",
        "type": "github"
      }
    },
    "npmlock2nixPkg_3": {
      "flake": false,
      "locked": {
        "lastModified": 1654775747,
        "narHash": "sha256-9pXHDpIjmsK5390wmpGHu9aA4QOPpegPBvThHeBlef4=",
        "owner": "nix-community",
        "repo": "npmlock2nix",
        "rev": "5c4f247688fc91d665df65f71c81e0726621aaa8",
        "type": "github"
      },
      "original": {
        "owner": "nix-community",
        "repo": "npmlock2nix",
        "rev": "5c4f247688fc91d665df65f71c81e0726621aaa8",
        "type": "github"
      }
    },
    "root": {
      "inputs": {
        "fdbPkg": [
          "hotPot",
          "fdbPkg"
        ],
        "flakeUtils": [
          "hotPot",
          "flakeUtils"
        ],
        "helmet": "helmet",
        "hotPot": "hotPot_2",
        "jetski": "jetski",
        "nix2containerPkg": [
          "hotPot",
          "nix2containerPkg"
        ],
        "nixpkgs": [
          "hotPot",
          "nixpkgs"
        ]
      }
    },
    "systems": {
      "locked": {
        "lastModified": 1681028828,
        "narHash": "sha256-Vy1rq5AaRuLzOxct8nz4T6wlgyUR7zLU309k9mBC768=",
        "owner": "nix-systems",
        "repo": "default",
        "rev": "da67096a3b9bf56a91d16901293e51ba5b49a27e",
        "type": "github"
      },
      "original": {
        "owner": "nix-systems",
        "repo": "default",
        "type": "github"
      }
    },
    "systems_2": {
      "locked": {
        "lastModified": 1681028828,
        "narHash": "sha256-Vy1rq5AaRuLzOxct8nz4T6wlgyUR7zLU309k9mBC768=",
        "owner": "nix-systems",
        "repo": "default",
        "rev": "da67096a3b9bf56a91d16901293e51ba5b49a27e",
        "type": "github"
      },
      "original": {
        "owner": "nix-systems",
        "repo": "default",
        "type": "github"
      }
    }
  },
  "root": "root",
  "version": 7
}
