{
  "nodes": {
    "fdbPkg": {
      "inputs": {
        "flakeUtils": "flakeUtils",
        "nixpkgs": "nixpkgs"
      },
      "locked": {
        "lastModified": 1702180668,
        "narHash": "sha256-vOHpaR1Fvbp7QZXqpHSIAUko7D/yUF3VnSRaRWTdjp8=",
        "owner": "shopstic",
        "repo": "nix-fdb",
        "rev": "f1e4098e50063b504682db64f48396be5b8986c3",
        "type": "github"
      },
      "original": {
        "owner": "shopstic",
        "ref": "7.1.45",
        "repo": "nix-fdb",
        "type": "github"
      }
    },
    "fdbPkg_2": {
      "inputs": {
        "flakeUtils": "flakeUtils_3",
        "nixpkgs": "nixpkgs_3"
      },
      "locked": {
        "lastModified": 1721791780,
        "narHash": "sha256-ET3+7Jdl8MMmFPjsR6meACMpLHa8hwjDYHBXfBN38FY=",
        "owner": "shopstic",
        "repo": "nix-fdb",
        "rev": "ae67770ac3cb7fa14f307bd92fa86a43ff888b36",
        "type": "github"
      },
      "original": {
        "owner": "shopstic",
        "ref": "7.1.61",
        "repo": "nix-fdb",
        "type": "github"
      }
    },
    "fdbPkg_3": {
      "inputs": {
        "flakeUtils": "flakeUtils_5",
        "nixpkgs": "nixpkgs_5"
      },
      "locked": {
        "lastModified": 1702180668,
        "narHash": "sha256-vOHpaR1Fvbp7QZXqpHSIAUko7D/yUF3VnSRaRWTdjp8=",
        "owner": "shopstic",
        "repo": "nix-fdb",
        "rev": "f1e4098e50063b504682db64f48396be5b8986c3",
        "type": "github"
      },
      "original": {
        "owner": "shopstic",
        "ref": "7.1.45",
        "repo": "nix-fdb",
        "type": "github"
      }
    },
    "flake-utils": {
      "inputs": {
        "systems": "systems_3"
      },
      "locked": {
        "lastModified": 1694529238,
        "narHash": "sha256-zsNZZGTGnMOf9YpHKJqMSsa0dXbfmxeoJ7xHlrt+xmY=",
        "owner": "numtide",
        "repo": "flake-utils",
        "rev": "ff7b65b44d01cf9ba6a71320833626af21126384",
        "type": "github"
      },
      "original": {
        "owner": "numtide",
        "repo": "flake-utils",
        "type": "github"
      }
    },
    "flake-utils_2": {
      "inputs": {
        "systems": "systems_6"
      },
      "locked": {
        "lastModified": 1710146030,
        "narHash": "sha256-SZ5L6eA7HJ/nmkzGG7/ISclqe6oZdOZTNoesiInkXPQ=",
        "owner": "numtide",
        "repo": "flake-utils",
        "rev": "b1d9ab70662946ef0850d488da1c9019f3a9752a",
        "type": "github"
      },
      "original": {
        "owner": "numtide",
        "repo": "flake-utils",
        "type": "github"
      }
    },
    "flake-utils_3": {
      "inputs": {
        "systems": "systems_9"
      },
      "locked": {
        "lastModified": 1694529238,
        "narHash": "sha256-zsNZZGTGnMOf9YpHKJqMSsa0dXbfmxeoJ7xHlrt+xmY=",
        "owner": "numtide",
        "repo": "flake-utils",
        "rev": "ff7b65b44d01cf9ba6a71320833626af21126384",
        "type": "github"
      },
      "original": {
        "owner": "numtide",
        "repo": "flake-utils",
        "type": "github"
      }
    },
    "flakeUtils": {
      "inputs": {
        "systems": "systems"
      },
      "locked": {
        "lastModified": 1701680307,
        "narHash": "sha256-kAuep2h5ajznlPMD9rnQyffWG8EM/C73lejGofXvdM8=",
        "owner": "numtide",
        "repo": "flake-utils",
        "rev": "4022d587cbbfd70fe950c1e2083a02621806a725",
        "type": "github"
      },
      "original": {
        "owner": "numtide",
        "repo": "flake-utils",
        "type": "github"
      }
    },
    "flakeUtils_2": {
      "inputs": {
        "systems": "systems_2"
      },
      "locked": {
        "lastModified": 1705309234,
        "narHash": "sha256-uNRRNRKmJyCRC/8y1RqBkqWBLM034y4qN7EprSdmgyA=",
        "owner": "numtide",
        "repo": "flake-utils",
        "rev": "1ef2e671c3b0c19053962c07dbda38332dcebf26",
        "type": "github"
      },
      "original": {
        "owner": "numtide",
        "repo": "flake-utils",
        "type": "github"
      }
    },
    "flakeUtils_3": {
      "inputs": {
        "systems": "systems_4"
      },
      "locked": {
        "lastModified": 1710146030,
        "narHash": "sha256-SZ5L6eA7HJ/nmkzGG7/ISclqe6oZdOZTNoesiInkXPQ=",
        "owner": "numtide",
        "repo": "flake-utils",
        "rev": "b1d9ab70662946ef0850d488da1c9019f3a9752a",
        "type": "github"
      },
      "original": {
        "owner": "numtide",
        "repo": "flake-utils",
        "type": "github"
      }
    },
    "flakeUtils_4": {
      "inputs": {
        "systems": "systems_5"
      },
      "locked": {
        "lastModified": 1731533236,
        "narHash": "sha256-l0KFg5HjrsfsO/JpG+r7fRrqm12kzFHyUHqHCVpMMbI=",
        "owner": "numtide",
        "repo": "flake-utils",
        "rev": "11707dc2f618dd54ca8739b309ec4fc024de578b",
        "type": "github"
      },
      "original": {
        "owner": "numtide",
        "repo": "flake-utils",
        "type": "github"
      }
    },
    "flakeUtils_5": {
      "inputs": {
        "systems": "systems_7"
      },
      "locked": {
        "lastModified": 1701680307,
        "narHash": "sha256-kAuep2h5ajznlPMD9rnQyffWG8EM/C73lejGofXvdM8=",
        "owner": "numtide",
        "repo": "flake-utils",
        "rev": "4022d587cbbfd70fe950c1e2083a02621806a725",
        "type": "github"
      },
      "original": {
        "owner": "numtide",
        "repo": "flake-utils",
        "type": "github"
      }
    },
    "flakeUtils_6": {
      "inputs": {
        "systems": "systems_8"
      },
      "locked": {
        "lastModified": 1705309234,
        "narHash": "sha256-uNRRNRKmJyCRC/8y1RqBkqWBLM034y4qN7EprSdmgyA=",
        "owner": "numtide",
        "repo": "flake-utils",
        "rev": "1ef2e671c3b0c19053962c07dbda38332dcebf26",
        "type": "github"
      },
      "original": {
        "owner": "numtide",
        "repo": "flake-utils",
        "type": "github"
      }
    },
    "helmet": {
      "inputs": {
        "flakeUtils": [
          "helmet",
          "hotPot",
          "flakeUtils"
        ],
        "hotPot": "hotPot",
        "nixpkgs": [
          "helmet",
          "hotPot",
          "nixpkgs"
        ],
        "npmlock2nix": "npmlock2nix"
      },
      "locked": {
        "lastModified": 1705519273,
        "narHash": "sha256-hHKOpHZsmUdHCTUJRHKtEtktK3XjiqPg5ptn8F2grfc=",
        "owner": "shopstic",
        "repo": "helmet",
        "rev": "b31e361162c3f46b42b88ca2dd387d0607429fc1",
        "type": "github"
      },
      "original": {
        "owner": "shopstic",
        "ref": "1.26.7",
        "repo": "helmet",
        "type": "github"
      }
    },
    "hotPot": {
      "inputs": {
        "fdbPkg": "fdbPkg",
        "flakeUtils": "flakeUtils_2",
        "nix2containerPkg": "nix2containerPkg",
        "nixpkgs": "nixpkgs_2",
        "npmlock2nixPkg": "npmlock2nixPkg"
      },
      "locked": {
        "lastModified": 1705518506,
        "narHash": "sha256-Vko5uIHhb/70qc7Lx8uInLXI81mnL+2whg3IoZ5PHW0=",
        "owner": "shopstic",
        "repo": "nix-hot-pot",
        "rev": "d499dca78a006ea700e139f4ce51353af060a594",
        "type": "github"
      },
      "original": {
        "owner": "shopstic",
        "repo": "nix-hot-pot",
        "type": "github"
      }
    },
    "hotPot_2": {
      "inputs": {
        "fdbPkg": "fdbPkg_2",
        "flakeUtils": "flakeUtils_4",
        "nix2containerPkg": "nix2containerPkg_2",
        "nixpkgs": "nixpkgs_4",
        "npmlock2nixPkg": "npmlock2nixPkg_2"
      },
      "locked": {
        "lastModified": 1740117385,
        "narHash": "sha256-2TW1Zt68CHVifug7u7SLEV5llzMif0jYhbmH+Z6WaFQ=",
        "owner": "shopstic",
        "repo": "nix-hot-pot",
        "rev": "034d6307b66668a029e882e8b5092605521769ad",
        "type": "github"
      },
      "original": {
        "owner": "shopstic",
        "repo": "nix-hot-pot",
        "type": "github"
      }
    },
    "hotPot_3": {
      "inputs": {
        "fdbPkg": "fdbPkg_3",
        "flakeUtils": "flakeUtils_6",
        "nix2containerPkg": "nix2containerPkg_3",
        "nixpkgs": "nixpkgs_6",
        "npmlock2nixPkg": "npmlock2nixPkg_3"
      },
      "locked": {
        "lastModified": 1705518506,
        "narHash": "sha256-Vko5uIHhb/70qc7Lx8uInLXI81mnL+2whg3IoZ5PHW0=",
        "owner": "shopstic",
        "repo": "nix-hot-pot",
        "rev": "d499dca78a006ea700e139f4ce51353af060a594",
        "type": "github"
      },
      "original": {
        "owner": "shopstic",
        "repo": "nix-hot-pot",
        "type": "github"
      }
    },
    "jetski": {
      "inputs": {
        "flakeUtils": [
          "jetski",
          "hotPot",
          "flakeUtils"
        ],
        "hotPot": "hotPot_3",
        "nixpkgs": [
          "jetski",
          "hotPot",
          "nixpkgs"
        ]
      },
      "locked": {
        "lastModified": 1705627499,
        "narHash": "sha256-Gik6HeB57OL71h1bw6C+ojhLbKPN/5bTdN46NC86yRY=",
        "owner": "shopstic",
        "repo": "jetski",
        "rev": "f76d3efd75edd7639f40a09a8aee83da197b8046",
        "type": "github"
      },
      "original": {
        "owner": "shopstic",
        "ref": "1.7.10",
        "repo": "jetski",
        "type": "github"
      }
    },
    "nix2containerPkg": {
      "inputs": {
        "flake-utils": "flake-utils",
        "nixpkgs": [
          "helmet",
          "hotPot",
          "nixpkgs"
        ]
      },
      "locked": {
        "lastModified": 1701981188,
        "narHash": "sha256-oXFdqisYyJ77yDZ3OaAGp+GYUS6e3tWFuavl/AgBdRI=",
        "owner": "nlewo",
        "repo": "nix2container",
        "rev": "3e84a0a7b94419846acd9c52c4c497c618b2cb7e",
        "type": "github"
      },
      "original": {
        "owner": "nlewo",
        "repo": "nix2container",
        "rev": "3e84a0a7b94419846acd9c52c4c497c618b2cb7e",
        "type": "github"
      }
    },
    "nix2containerPkg_2": {
      "inputs": {
        "flake-utils": "flake-utils_2",
        "nixpkgs": [
          "hotPot",
          "nixpkgs"
        ]
      },
      "locked": {
        "lastModified": 1738222190,
        "narHash": "sha256-MRrL8IQ4NMM8NfOsL7BwBzz+TkN7VzJwKXTowYIHkg4=",
        "owner": "nktpro",
        "repo": "nix2container",
        "rev": "64ba2c169fd283fef92449d4cc3c881859f9a8d0",
        "type": "github"
      },
      "original": {
        "owner": "nktpro",
        "repo": "nix2container",
        "type": "github"
      }
    },
    "nix2containerPkg_3": {
      "inputs": {
        "flake-utils": "flake-utils_3",
        "nixpkgs": [
          "jetski",
          "hotPot",
          "nixpkgs"
        ]
      },
      "locked": {
        "lastModified": 1701981188,
        "narHash": "sha256-oXFdqisYyJ77yDZ3OaAGp+GYUS6e3tWFuavl/AgBdRI=",
        "owner": "nlewo",
        "repo": "nix2container",
        "rev": "3e84a0a7b94419846acd9c52c4c497c618b2cb7e",
        "type": "github"
      },
      "original": {
        "owner": "nlewo",
        "repo": "nix2container",
        "rev": "3e84a0a7b94419846acd9c52c4c497c618b2cb7e",
        "type": "github"
      }
    },
    "nixpkgs": {
      "locked": {
        "lastModified": 1701952659,
        "narHash": "sha256-TJv2srXt6fYPUjxgLAL0cy4nuf1OZD4KuA1TrCiQqg0=",
        "owner": "nixos",
        "repo": "nixpkgs",
        "rev": "b4372c4924d9182034066c823df76d6eaf1f4ec4",
        "type": "github"
      },
      "original": {
        "owner": "nixos",
        "ref": "nixos-23.11",
        "repo": "nixpkgs",
        "type": "github"
      }
    },
    "nixpkgs_2": {
      "locked": {
        "lastModified": 1705331948,
        "narHash": "sha256-qjQXfvrAT1/RKDFAMdl8Hw3m4tLVvMCc8fMqzJv0pP4=",
        "owner": "nixos",
        "repo": "nixpkgs",
        "rev": "b8dd8be3c790215716e7c12b247f45ca525867e2",
        "type": "github"
      },
      "original": {
        "owner": "nixos",
        "ref": "nixos-23.11",
        "repo": "nixpkgs",
        "type": "github"
      }
    },
    "nixpkgs_3": {
      "locked": {
        "lastModified": 1720553833,
        "narHash": "sha256-IXMiHQMtdShDXcBW95ctA+m5Oq2kLxnBt7WlMxvDQXA=",
        "owner": "nixos",
        "repo": "nixpkgs",
        "rev": "249fbde2a178a2ea2638b65b9ecebd531b338cf9",
        "type": "github"
      },
      "original": {
        "owner": "nixos",
        "repo": "nixpkgs",
        "rev": "249fbde2a178a2ea2638b65b9ecebd531b338cf9",
        "type": "github"
      }
    },
    "nixpkgs_4": {
      "locked": {
        "lastModified": 1738023785,
        "narHash": "sha256-BPHmb3fUwdHkonHyHi1+x89eXB3kA1jffIpwPVJIVys=",
        "owner": "nixos",
        "repo": "nixpkgs",
        "rev": "2b4230bf03deb33103947e2528cac2ed516c5c89",
        "type": "github"
      },
      "original": {
        "owner": "nixos",
        "ref": "nixos-24.11",
        "repo": "nixpkgs",
        "type": "github"
      }
    },
    "nixpkgs_5": {
      "locked": {
        "lastModified": 1701952659,
        "narHash": "sha256-TJv2srXt6fYPUjxgLAL0cy4nuf1OZD4KuA1TrCiQqg0=",
        "owner": "nixos",
        "repo": "nixpkgs",
        "rev": "b4372c4924d9182034066c823df76d6eaf1f4ec4",
        "type": "github"
      },
      "original": {
        "owner": "nixos",
        "ref": "nixos-23.11",
        "repo": "nixpkgs",
        "type": "github"
      }
    },
    "nixpkgs_6": {
      "locked": {
        "lastModified": 1705331948,
        "narHash": "sha256-qjQXfvrAT1/RKDFAMdl8Hw3m4tLVvMCc8fMqzJv0pP4=",
        "owner": "nixos",
        "repo": "nixpkgs",
        "rev": "b8dd8be3c790215716e7c12b247f45ca525867e2",
        "type": "github"
      },
      "original": {
        "owner": "nixos",
        "ref": "nixos-23.11",
        "repo": "nixpkgs",
        "type": "github"
      }
    },
    "npmlock2nix": {
      "flake": false,
      "locked": {
        "lastModified": 1673447413,
        "narHash": "sha256-sJM82Sj8yfQYs9axEmGZ9Evzdv/kDcI9sddqJ45frrU=",
        "owner": "nix-community",
        "repo": "npmlock2nix",
        "rev": "9197bbf397d76059a76310523d45df10d2e4ca81",
        "type": "github"
      },
      "original": {
        "owner": "nix-community",
        "ref": "master",
        "repo": "npmlock2nix",
        "type": "github"
      }
    },
    "npmlock2nixPkg": {
      "flake": false,
      "locked": {
        "lastModified": 1673447413,
        "narHash": "sha256-sJM82Sj8yfQYs9axEmGZ9Evzdv/kDcI9sddqJ45frrU=",
        "owner": "nix-community",
        "repo": "npmlock2nix",
        "rev": "9197bbf397d76059a76310523d45df10d2e4ca81",
        "type": "github"
      },
      "original": {
        "owner": "nix-community",
        "repo": "npmlock2nix",
        "rev": "9197bbf397d76059a76310523d45df10d2e4ca81",
        "type": "github"
      }
    },
    "npmlock2nixPkg_2": {
      "flake": false,
      "locked": {
        "lastModified": 1673447413,
        "narHash": "sha256-sJM82Sj8yfQYs9axEmGZ9Evzdv/kDcI9sddqJ45frrU=",
        "owner": "nix-community",
        "repo": "npmlock2nix",
        "rev": "9197bbf397d76059a76310523d45df10d2e4ca81",
        "type": "github"
      },
      "original": {
        "owner": "nix-community",
        "repo": "npmlock2nix",
        "rev": "9197bbf397d76059a76310523d45df10d2e4ca81",
        "type": "github"
      }
    },
    "npmlock2nixPkg_3": {
      "flake": false,
      "locked": {
        "lastModified": 1673447413,
        "narHash": "sha256-sJM82Sj8yfQYs9axEmGZ9Evzdv/kDcI9sddqJ45frrU=",
        "owner": "nix-community",
        "repo": "npmlock2nix",
        "rev": "9197bbf397d76059a76310523d45df10d2e4ca81",
        "type": "github"
      },
      "original": {
        "owner": "nix-community",
        "repo": "npmlock2nix",
        "rev": "9197bbf397d76059a76310523d45df10d2e4ca81",
        "type": "github"
      }
    },
    "root": {
      "inputs": {
        "fdbPkg": [
          "hotPot",
          "fdbPkg"
        ],
        "flakeUtils": [
          "hotPot",
          "flakeUtils"
        ],
        "helmet": "helmet",
        "hotPot": "hotPot_2",
        "jetski": "jetski",
        "nix2containerPkg": [
          "hotPot",
          "nix2containerPkg"
        ],
        "nixpkgs": [
          "hotPot",
          "nixpkgs"
        ]
      }
    },
    "systems": {
      "locked": {
        "lastModified": 1681028828,
        "narHash": "sha256-Vy1rq5AaRuLzOxct8nz4T6wlgyUR7zLU309k9mBC768=",
        "owner": "nix-systems",
        "repo": "default",
        "rev": "da67096a3b9bf56a91d16901293e51ba5b49a27e",
        "type": "github"
      },
      "original": {
        "owner": "nix-systems",
        "repo": "default",
        "type": "github"
      }
    },
    "systems_2": {
      "locked": {
        "lastModified": 1681028828,
        "narHash": "sha256-Vy1rq5AaRuLzOxct8nz4T6wlgyUR7zLU309k9mBC768=",
        "owner": "nix-systems",
        "repo": "default",
        "rev": "da67096a3b9bf56a91d16901293e51ba5b49a27e",
        "type": "github"
      },
      "original": {
        "owner": "nix-systems",
        "repo": "default",
        "type": "github"
      }
    },
    "systems_3": {
      "locked": {
        "lastModified": 1681028828,
        "narHash": "sha256-Vy1rq5AaRuLzOxct8nz4T6wlgyUR7zLU309k9mBC768=",
        "owner": "nix-systems",
        "repo": "default",
        "rev": "da67096a3b9bf56a91d16901293e51ba5b49a27e",
        "type": "github"
      },
      "original": {
        "owner": "nix-systems",
        "repo": "default",
        "type": "github"
      }
    },
    "systems_4": {
      "locked": {
        "lastModified": 1681028828,
        "narHash": "sha256-Vy1rq5AaRuLzOxct8nz4T6wlgyUR7zLU309k9mBC768=",
        "owner": "nix-systems",
        "repo": "default",
        "rev": "da67096a3b9bf56a91d16901293e51ba5b49a27e",
        "type": "github"
      },
      "original": {
        "owner": "nix-systems",
        "repo": "default",
        "type": "github"
      }
    },
    "systems_5": {
      "locked": {
        "lastModified": 1681028828,
        "narHash": "sha256-Vy1rq5AaRuLzOxct8nz4T6wlgyUR7zLU309k9mBC768=",
        "owner": "nix-systems",
        "repo": "default",
        "rev": "da67096a3b9bf56a91d16901293e51ba5b49a27e",
        "type": "github"
      },
      "original": {
        "owner": "nix-systems",
        "repo": "default",
        "type": "github"
      }
    },
    "systems_6": {
      "locked": {
        "lastModified": 1681028828,
        "narHash": "sha256-Vy1rq5AaRuLzOxct8nz4T6wlgyUR7zLU309k9mBC768=",
        "owner": "nix-systems",
        "repo": "default",
        "rev": "da67096a3b9bf56a91d16901293e51ba5b49a27e",
        "type": "github"
      },
      "original": {
        "owner": "nix-systems",
        "repo": "default",
        "type": "github"
      }
    },
    "systems_7": {
      "locked": {
        "lastModified": 1681028828,
        "narHash": "sha256-Vy1rq5AaRuLzOxct8nz4T6wlgyUR7zLU309k9mBC768=",
        "owner": "nix-systems",
        "repo": "default",
        "rev": "da67096a3b9bf56a91d16901293e51ba5b49a27e",
        "type": "github"
      },
      "original": {
        "owner": "nix-systems",
        "repo": "default",
        "type": "github"
      }
    },
    "systems_8": {
      "locked": {
        "lastModified": 1681028828,
        "narHash": "sha256-Vy1rq5AaRuLzOxct8nz4T6wlgyUR7zLU309k9mBC768=",
        "owner": "nix-systems",
        "repo": "default",
        "rev": "da67096a3b9bf56a91d16901293e51ba5b49a27e",
        "type": "github"
      },
      "original": {
        "owner": "nix-systems",
        "repo": "default",
        "type": "github"
      }
    },
    "systems_9": {
      "locked": {
        "lastModified": 1681028828,
        "narHash": "sha256-Vy1rq5AaRuLzOxct8nz4T6wlgyUR7zLU309k9mBC768=",
        "owner": "nix-systems",
        "repo": "default",
        "rev": "da67096a3b9bf56a91d16901293e51ba5b49a27e",
        "type": "github"
      },
      "original": {
        "owner": "nix-systems",
        "repo": "default",
        "type": "github"
      }
    }
  },
  "root": "root",
  "version": 7
}
